# This file was autogenerated by uv via the following command:
#    uv pip compile requirements.txt -o requirements.lock
aiohappyeyeballs==2.6.2
    # via aiohttp
aiohttp==3.11.0
    # via -r requirements.txt
aiosignal==1.4.0
    # via aiohttp
annotated-types==0.7.0
    # via pydantic
anyio==4.13.0
    # via
    #   httpx
    #   starlette
    #   watchfiles
attrs==26.1.0
    # via aiohttp
bcrypt==5.0.0
    # via paramiko
certifi==2026.5.20
    # via
    #   httpcore
    #   httpx
cffi==2.0.0
    # via
    #   cryptography
    #   pynacl
click==8.4.1
    # via uvicorn
cryptography==48.0.0
    # via paramiko
fastapi==0.115.0
    # via -r requirements.txt
frozenlist==1.8.0
    # via
    #   aiohttp
    #   aiosignal
greenlet==3.1.1
    # via playwright
h11==0.16.0
    # via
    #   httpcore
    #   uvicorn
httpcore==1.0.9
    # via httpx
httptools==0.8.0
    # via uvicorn
httpx==0.28.0
    # via -r requirements.txt
idna==3.18
    # via
    #   anyio
    #   httpx
    #   yarl
multidict==6.7.1
    # via
    #   aiohttp
    #   yarl
paramiko==3.5.0
    # via -r requirements.txt
playwright==1.49.0
    # via -r requirements.txt
propcache==0.5.2
    # via
    #   aiohttp
    #   yarl
pycparser==3.0
    # via cffi
pydantic==2.9.0
    # via
    #   -r requirements.txt
    #   fastapi
pydantic-core==2.23.2
    # via pydantic
pyee==12.0.0
    # via playwright
pynacl==1.6.2
    # via paramiko
python-dotenv==1.0.1
    # via
    #   -r requirements.txt
    #   uvicorn
python-multipart==0.0.17
    # via -r requirements.txt
pyyaml==6.0.2
    # via
    #   -r requirements.txt
    #   uvicorn
starlette==0.38.6
    # via fastapi
typing-extensions==4.15.0
    # via
    #   fastapi
    #   pydantic
    #   pydantic-core
    #   pyee
tzdata==2026.2
    # via pydantic
uvicorn==0.32.0
    # via -r requirements.txt
uvloop==0.22.1
    # via uvicorn
watchfiles==1.2.0
    # via uvicorn
websockets==14.0
    # via
    #   -r requirements.txt
    #   uvicorn
yarl==1.24.2
    # via aiohttp
